
Microsoft Visual Studio Solution File, Format Version 12.00
# Visual Studio Version 16
VisualStudioVersion = 16.0.30104.148
MinimumVisualStudioVersion = 10.0.40219.1
Project("{FAE04EC0-301F-11D3-BF4B-00C04F79EFBC}") = "DeviceManager", "DeviceManager\DeviceManager.csproj", "{923AFF80-B672-4DEF-BCDA-B8644A330B3D}"
EndProject
Global
	GlobalSection(SolutionConfigurationPlatforms) = preSolution
		Debug|Any CPU = Debug|Any CPU
		Release|Any CPU = Release|Any CPU
	EndGlobalSection
	GlobalSection(ProjectConfigurationPlatforms) = postSolution
		{923AFF80-B672-4DEF-BCDA-B8644A330B3D}.Debug|Any CPU.ActiveCfg = Debug|Any CPU
		{923AFF80-B672-4DEF-BCDA-B8644A330B3D}.Debug|Any CPU.Build.0 = Debug|Any CPU
		{923AFF80-B672-4DEF-BCDA-B8644A330B3D}.Release|Any CPU.ActiveCfg = Release|Any CPU
		{923AFF80-B672-4DEF-BCDA-B8644A330B3D}.Release|Any CPU.Build.0 = Release|Any CPU
	EndGlobalSection
	GlobalSection(SolutionProperties) = preSolution
		HideSolutionNode = FALSE
	EndGlobalSection
	GlobalSection(ExtensibilityGlobals) = postSolution
		SolutionGuid = {4250AF6A-B749-479A-A181-6D3CBAB0C302}
	EndGlobalSection
EndGlobal
